{
  "originHash" : "21d858265c65e921299db7dc6008ca77cae2d4c783d3ba8ea1c50f9b36d324c8",
  "pins" : [
    {
      "identity" : "futured-macros",
      "kind" : "remoteSourceControl",
      "location" : "https://github.com/futuredapp/futured-macros",
      "state" : {
        "revision" : "ef659dff70d16d27cbe091d365e561c4087e61f5",
        "version" : "0.1.0"
      }
    },
    {
      "identity" : "swift-syntax",
      "kind" : "remoteSourceControl",
      "location" : "https://github.com/apple/swift-syntax.git",
      "state" : {
        "revision" : "64889f0c732f210a935a0ad7cda38f77f876262d",
        "version" : "509.1.1"
      }
    }
  ],
  "version" : 3
}
