{
  "pins" : [
    {
      "identity" : "bindingkit",
      "kind" : "remoteSourceControl",
      "location" : "https://github.com/mkj-is/BindingKit",
      "state" : {
        "revision" : "fe58851b967301ec5c391a2c34979b676b854f89",
        "version" : "1.0.0"
      }
    },
    {
      "identity" : "collectionconcurrencykit",
      "kind" : "remoteSourceControl",
      "location" : "https://github.com/JohnSundell/CollectionConcurrencyKit",
      "state" : {
        "revision" : "b4f23e24b5a1bff301efc5e70871083ca029ff95",
        "version" : "0.2.0"
      }
    }
  ],
  "version" : 2
}
