{
  "pins" : [
    {
      "identity" : "bindingkit",
      "kind" : "remoteSourceControl",
      "location" : "https://github.com/mkj-is/BindingKit",
      "state" : {
        "revision" : "fe58851b967301ec5c391a2c34979b676b854f89",
        "version" : "1.0.0"
      }
    },
    {
      "identity" : "collectionconcurrencykit",
      "kind" : "remoteSourceControl",
      "location" : "https://github.com/JohnSundell/CollectionConcurrencyKit",
      "state" : {
        "revision" : "b4f23e24b5a1bff301efc5e70871083ca029ff95",
        "version" : "0.2.0"
      }
    },
    {
      "identity" : "futured-macros",
      "kind" : "remoteSourceControl",
      "location" : "https://github.com/futuredapp/futured-macros",
      "state" : {
        "revision" : "ef659dff70d16d27cbe091d365e561c4087e61f5",
        "version" : "0.1.0"
      }
    },
    {
      "identity" : "swift-syntax",
      "kind" : "remoteSourceControl",
      "location" : "https://github.com/apple/swift-syntax.git",
      "state" : {
        "revision" : "64889f0c732f210a935a0ad7cda38f77f876262d",
        "version" : "509.1.1"
      }
    }
  ],
  "version" : 2
}
